
Microsoft Visual Studio Solution File, Format Version 12.00
# Visual Studio Version 17
VisualStudioVersion = 17.12.35521.163
MinimumVisualStudioVersion = 10.0.40219.1
Project("{2150E333-8FDC-42A3-9474-1A3956D46DE8}") = "Building", "Building", "{10C68D04-5631-47B6-B10A-354A244F6BB8}"
EndProject
Project("{2150E333-8FDC-42A3-9474-1A3956D46DE8}") = "Infrastructure", "Infrastructure", "{29B6A54D-0303-4634-B634-671251F48750}"
EndProject
Project("{2150E333-8FDC-42A3-9474-1A3956D46DE8}") = "Libraries", "Libraries", "{7EA14D36-A8D7-46BC-9922-F716BEE4E75B}"
EndProject
Project("{2150E333-8FDC-42A3-9474-1A3956D46DE8}") = "Logging", "Logging", "{717EEF7B-EF0F-4A5A-8F66-134FA9C40406}"
EndProject
Project("{2150E333-8FDC-42A3-9474-1A3956D46DE8}") = "Presentation", "Presentation", "{BF4C57F4-7588-431A-BEAE-993D0F166FFF}"
EndProject
Project("{2150E333-8FDC-42A3-9474-1A3956D46DE8}") = "Tests", "Tests", "{F6DB1707-DBBC-4880-B947-5893D72515DA}"
EndProject
Project("{2150E333-8FDC-42A3-9474-1A3956D46DE8}") = "Caching", "Caching", "{27A0D746-C066-4E41-B9B5-5A3A2819B7E0}"
EndProject
Project("{FAE04EC0-301F-11D3-BF4B-00C04F79EFBC}") = "Aretech.Caching", "Building\Caching\Aretech.Caching\Aretech.Caching.csproj", "{944E5632-87A6-4266-9390-32EB9C35BAEC}"
EndProject
Project("{FAE04EC0-301F-11D3-BF4B-00C04F79EFBC}") = "Aretech.Caching.Redis", "Building\Caching\Aretech.Caching.Redis\Aretech.Caching.Redis.csproj", "{3F14CCBE-86C6-462E-8D42-3D3798E5693B}"
EndProject
Project("{2150E333-8FDC-42A3-9474-1A3956D46DE8}") = "MessageBroker", "MessageBroker", "{A019F32E-D4B2-449D-A1D2-ADC8DA034C5D}"
EndProject
Project("{FAE04EC0-301F-11D3-BF4B-00C04F79EFBC}") = "Aretech.MQ.RabbitMQ", "Building\MessageBroker\Aretech.MQ.RabbitMQ\Aretech.MQ.RabbitMQ.csproj", "{DD2F26E8-414A-47E8-9271-70A61D02290C}"
EndProject
Project("{FAE04EC0-301F-11D3-BF4B-00C04F79EFBC}") = "Aretech.Auth.Web.Api", "Presentation\Aretech.Auth.Web.Api\Aretech.Auth.Web.Api.csproj", "{E0C18E09-BA7A-4D74-B9E1-9467EC1ECB78}"
EndProject
Project("{FAE04EC0-301F-11D3-BF4B-00C04F79EFBC}") = "Aretech.MQ.Publisher", "Building\MessageBroker\Aretech.MQ.Publisher\Aretech.MQ.Publisher.csproj", "{E535359C-CEDD-4BEF-AC5B-E200E10CE146}"
EndProject
Project("{FAE04EC0-301F-11D3-BF4B-00C04F79EFBC}") = "Aretech.Application", "Libraries\Aretech.Application\Aretech.Application.csproj", "{2C7E03F1-1D51-4F19-8318-63DD0B3FDB18}"
EndProject
Project("{FAE04EC0-301F-11D3-BF4B-00C04F79EFBC}") = "Aretech.Core", "Libraries\Aretech.Core\Aretech.Core.csproj", "{43642515-D7D7-4E4F-9D2A-073FA6C9A175}"
EndProject
Project("{FAE04EC0-301F-11D3-BF4B-00C04F79EFBC}") = "Aretech.Domain", "Libraries\Aretech.Domain\Aretech.Domain.csproj", "{F2706FD3-7EB3-413B-8177-3B90FB352CCE}"
EndProject
Project("{FAE04EC0-301F-11D3-BF4B-00C04F79EFBC}") = "Aretech.EventProcessor", "Libraries\Aretech.EventProcessor\Aretech.EventProcessor.csproj", "{72CB8606-2C73-4BBD-BD31-1451F7C071C8}"
EndProject
Project("{FAE04EC0-301F-11D3-BF4B-00C04F79EFBC}") = "Aretech.Events", "Libraries\Aretech.Events\Aretech.Events.csproj", "{0B7FFD6D-BB11-4073-9A0E-DBF3E820C560}"
EndProject
Project("{FAE04EC0-301F-11D3-BF4B-00C04F79EFBC}") = "Aretech.Services", "Libraries\Aretech.Services\Aretech.Services.csproj", "{0F8FED8F-505A-4358-8F0E-1E3053D11A44}"
EndProject
Project("{FAE04EC0-301F-11D3-BF4B-00C04F79EFBC}") = "Aretech.Infrastructure.Data", "Infrastructure\Aretech.Infrastructure.Data\Aretech.Infrastructure.Data.csproj", "{6081D6A5-7C69-4A42-9C88-FF6339F36859}"
EndProject
Project("{FAE04EC0-301F-11D3-BF4B-00C04F79EFBC}") = "Aretech.Infrastructure.Data.EfCore.PostgreSQL", "Infrastructure\Aretech.Infrastructure.Data.EfCore.PostgreSQL\Aretech.Infrastructure.Data.EfCore.PostgreSQL.csproj", "{042689EE-8B7F-4BB6-B18C-7C52815A1FAF}"
EndProject
Project("{FAE04EC0-301F-11D3-BF4B-00C04F79EFBC}") = "Aretech.Auth.Web.Api.Framework", "Presentation\Aretech.Auth.Web.Api.Framework\Aretech.Auth.Web.Api.Framework.csproj", "{5B42D5D7-4185-49A9-911C-948E1D631C88}"
EndProject
Project("{FAE04EC0-301F-11D3-BF4B-00C04F79EFBC}") = "Aretech.SharedKernel", "Libraries\Aretech.SharedKernel\Aretech.SharedKernel.csproj", "{F1B5F7E5-A080-45B2-81C0-AE5D399217BD}"
EndProject
Global
	GlobalSection(SolutionConfigurationPlatforms) = preSolution
		Debug|Any CPU = Debug|Any CPU
		Release|Any CPU = Release|Any CPU
	EndGlobalSection
	GlobalSection(ProjectConfigurationPlatforms) = postSolution
		{944E5632-87A6-4266-9390-32EB9C35BAEC}.Debug|Any CPU.ActiveCfg = Debug|Any CPU
		{944E5632-87A6-4266-9390-32EB9C35BAEC}.Debug|Any CPU.Build.0 = Debug|Any CPU
		{944E5632-87A6-4266-9390-32EB9C35BAEC}.Release|Any CPU.ActiveCfg = Release|Any CPU
		{944E5632-87A6-4266-9390-32EB9C35BAEC}.Release|Any CPU.Build.0 = Release|Any CPU
		{3F14CCBE-86C6-462E-8D42-3D3798E5693B}.Debug|Any CPU.ActiveCfg = Debug|Any CPU
		{3F14CCBE-86C6-462E-8D42-3D3798E5693B}.Debug|Any CPU.Build.0 = Debug|Any CPU
		{3F14CCBE-86C6-462E-8D42-3D3798E5693B}.Release|Any CPU.ActiveCfg = Release|Any CPU
		{3F14CCBE-86C6-462E-8D42-3D3798E5693B}.Release|Any CPU.Build.0 = Release|Any CPU
		{DD2F26E8-414A-47E8-9271-70A61D02290C}.Debug|Any CPU.ActiveCfg = Debug|Any CPU
		{DD2F26E8-414A-47E8-9271-70A61D02290C}.Debug|Any CPU.Build.0 = Debug|Any CPU
		{DD2F26E8-414A-47E8-9271-70A61D02290C}.Release|Any CPU.ActiveCfg = Release|Any CPU
		{DD2F26E8-414A-47E8-9271-70A61D02290C}.Release|Any CPU.Build.0 = Release|Any CPU
		{E0C18E09-BA7A-4D74-B9E1-9467EC1ECB78}.Debug|Any CPU.ActiveCfg = Debug|Any CPU
		{E0C18E09-BA7A-4D74-B9E1-9467EC1ECB78}.Debug|Any CPU.Build.0 = Debug|Any CPU
		{E0C18E09-BA7A-4D74-B9E1-9467EC1ECB78}.Release|Any CPU.ActiveCfg = Release|Any CPU
		{E0C18E09-BA7A-4D74-B9E1-9467EC1ECB78}.Release|Any CPU.Build.0 = Release|Any CPU
		{E535359C-CEDD-4BEF-AC5B-E200E10CE146}.Debug|Any CPU.ActiveCfg = Debug|Any CPU
		{E535359C-CEDD-4BEF-AC5B-E200E10CE146}.Debug|Any CPU.Build.0 = Debug|Any CPU
		{E535359C-CEDD-4BEF-AC5B-E200E10CE146}.Release|Any CPU.ActiveCfg = Release|Any CPU
		{E535359C-CEDD-4BEF-AC5B-E200E10CE146}.Release|Any CPU.Build.0 = Release|Any CPU
		{2C7E03F1-1D51-4F19-8318-63DD0B3FDB18}.Debug|Any CPU.ActiveCfg = Debug|Any CPU
		{2C7E03F1-1D51-4F19-8318-63DD0B3FDB18}.Debug|Any CPU.Build.0 = Debug|Any CPU
		{2C7E03F1-1D51-4F19-8318-63DD0B3FDB18}.Release|Any CPU.ActiveCfg = Release|Any CPU
		{2C7E03F1-1D51-4F19-8318-63DD0B3FDB18}.Release|Any CPU.Build.0 = Release|Any CPU
		{43642515-D7D7-4E4F-9D2A-073FA6C9A175}.Debug|Any CPU.ActiveCfg = Debug|Any CPU
		{43642515-D7D7-4E4F-9D2A-073FA6C9A175}.Debug|Any CPU.Build.0 = Debug|Any CPU
		{43642515-D7D7-4E4F-9D2A-073FA6C9A175}.Release|Any CPU.ActiveCfg = Release|Any CPU
		{43642515-D7D7-4E4F-9D2A-073FA6C9A175}.Release|Any CPU.Build.0 = Release|Any CPU
		{F2706FD3-7EB3-413B-8177-3B90FB352CCE}.Debug|Any CPU.ActiveCfg = Debug|Any CPU
		{F2706FD3-7EB3-413B-8177-3B90FB352CCE}.Debug|Any CPU.Build.0 = Debug|Any CPU
		{F2706FD3-7EB3-413B-8177-3B90FB352CCE}.Release|Any CPU.ActiveCfg = Release|Any CPU
		{F2706FD3-7EB3-413B-8177-3B90FB352CCE}.Release|Any CPU.Build.0 = Release|Any CPU
		{72CB8606-2C73-4BBD-BD31-1451F7C071C8}.Debug|Any CPU.ActiveCfg = Debug|Any CPU
		{72CB8606-2C73-4BBD-BD31-1451F7C071C8}.Debug|Any CPU.Build.0 = Debug|Any CPU
		{72CB8606-2C73-4BBD-BD31-1451F7C071C8}.Release|Any CPU.ActiveCfg = Release|Any CPU
		{72CB8606-2C73-4BBD-BD31-1451F7C071C8}.Release|Any CPU.Build.0 = Release|Any CPU
		{0B7FFD6D-BB11-4073-9A0E-DBF3E820C560}.Debug|Any CPU.ActiveCfg = Debug|Any CPU
		{0B7FFD6D-BB11-4073-9A0E-DBF3E820C560}.Debug|Any CPU.Build.0 = Debug|Any CPU
		{0B7FFD6D-BB11-4073-9A0E-DBF3E820C560}.Release|Any CPU.ActiveCfg = Release|Any CPU
		{0B7FFD6D-BB11-4073-9A0E-DBF3E820C560}.Release|Any CPU.Build.0 = Release|Any CPU
		{0F8FED8F-505A-4358-8F0E-1E3053D11A44}.Debug|Any CPU.ActiveCfg = Debug|Any CPU
		{0F8FED8F-505A-4358-8F0E-1E3053D11A44}.Debug|Any CPU.Build.0 = Debug|Any CPU
		{0F8FED8F-505A-4358-8F0E-1E3053D11A44}.Release|Any CPU.ActiveCfg = Release|Any CPU
		{0F8FED8F-505A-4358-8F0E-1E3053D11A44}.Release|Any CPU.Build.0 = Release|Any CPU
		{6081D6A5-7C69-4A42-9C88-FF6339F36859}.Debug|Any CPU.ActiveCfg = Debug|Any CPU
		{6081D6A5-7C69-4A42-9C88-FF6339F36859}.Debug|Any CPU.Build.0 = Debug|Any CPU
		{6081D6A5-7C69-4A42-9C88-FF6339F36859}.Release|Any CPU.ActiveCfg = Release|Any CPU
		{6081D6A5-7C69-4A42-9C88-FF6339F36859}.Release|Any CPU.Build.0 = Release|Any CPU
		{042689EE-8B7F-4BB6-B18C-7C52815A1FAF}.Debug|Any CPU.ActiveCfg = Debug|Any CPU
		{042689EE-8B7F-4BB6-B18C-7C52815A1FAF}.Debug|Any CPU.Build.0 = Debug|Any CPU
		{042689EE-8B7F-4BB6-B18C-7C52815A1FAF}.Release|Any CPU.ActiveCfg = Release|Any CPU
		{042689EE-8B7F-4BB6-B18C-7C52815A1FAF}.Release|Any CPU.Build.0 = Release|Any CPU
		{5B42D5D7-4185-49A9-911C-948E1D631C88}.Debug|Any CPU.ActiveCfg = Debug|Any CPU
		{5B42D5D7-4185-49A9-911C-948E1D631C88}.Debug|Any CPU.Build.0 = Debug|Any CPU
		{5B42D5D7-4185-49A9-911C-948E1D631C88}.Release|Any CPU.ActiveCfg = Release|Any CPU
		{5B42D5D7-4185-49A9-911C-948E1D631C88}.Release|Any CPU.Build.0 = Release|Any CPU
		{F1B5F7E5-A080-45B2-81C0-AE5D399217BD}.Debug|Any CPU.ActiveCfg = Debug|Any CPU
		{F1B5F7E5-A080-45B2-81C0-AE5D399217BD}.Debug|Any CPU.Build.0 = Debug|Any CPU
		{F1B5F7E5-A080-45B2-81C0-AE5D399217BD}.Release|Any CPU.ActiveCfg = Release|Any CPU
		{F1B5F7E5-A080-45B2-81C0-AE5D399217BD}.Release|Any CPU.Build.0 = Release|Any CPU
	EndGlobalSection
	GlobalSection(SolutionProperties) = preSolution
		HideSolutionNode = FALSE
	EndGlobalSection
	GlobalSection(NestedProjects) = preSolution
		{27A0D746-C066-4E41-B9B5-5A3A2819B7E0} = {10C68D04-5631-47B6-B10A-354A244F6BB8}
		{944E5632-87A6-4266-9390-32EB9C35BAEC} = {27A0D746-C066-4E41-B9B5-5A3A2819B7E0}
		{3F14CCBE-86C6-462E-8D42-3D3798E5693B} = {27A0D746-C066-4E41-B9B5-5A3A2819B7E0}
		{A019F32E-D4B2-449D-A1D2-ADC8DA034C5D} = {10C68D04-5631-47B6-B10A-354A244F6BB8}
		{DD2F26E8-414A-47E8-9271-70A61D02290C} = {A019F32E-D4B2-449D-A1D2-ADC8DA034C5D}
		{E0C18E09-BA7A-4D74-B9E1-9467EC1ECB78} = {BF4C57F4-7588-431A-BEAE-993D0F166FFF}
		{E535359C-CEDD-4BEF-AC5B-E200E10CE146} = {A019F32E-D4B2-449D-A1D2-ADC8DA034C5D}
		{2C7E03F1-1D51-4F19-8318-63DD0B3FDB18} = {7EA14D36-A8D7-46BC-9922-F716BEE4E75B}
		{43642515-D7D7-4E4F-9D2A-073FA6C9A175} = {7EA14D36-A8D7-46BC-9922-F716BEE4E75B}
		{F2706FD3-7EB3-413B-8177-3B90FB352CCE} = {7EA14D36-A8D7-46BC-9922-F716BEE4E75B}
		{72CB8606-2C73-4BBD-BD31-1451F7C071C8} = {7EA14D36-A8D7-46BC-9922-F716BEE4E75B}
		{0B7FFD6D-BB11-4073-9A0E-DBF3E820C560} = {7EA14D36-A8D7-46BC-9922-F716BEE4E75B}
		{0F8FED8F-505A-4358-8F0E-1E3053D11A44} = {7EA14D36-A8D7-46BC-9922-F716BEE4E75B}
		{6081D6A5-7C69-4A42-9C88-FF6339F36859} = {29B6A54D-0303-4634-B634-671251F48750}
		{042689EE-8B7F-4BB6-B18C-7C52815A1FAF} = {29B6A54D-0303-4634-B634-671251F48750}
		{5B42D5D7-4185-49A9-911C-948E1D631C88} = {BF4C57F4-7588-431A-BEAE-993D0F166FFF}
		{F1B5F7E5-A080-45B2-81C0-AE5D399217BD} = {7EA14D36-A8D7-46BC-9922-F716BEE4E75B}
	EndGlobalSection
EndGlobal
